
Microsoft Visual Studio Solution File, Format Version 12.00
# Visual Studio Version 16
VisualStudioVersion = 16.0.29230.61
MinimumVisualStudioVersion = 10.0.40219.1
Project("{F184B08F-C81C-45F6-A57F-5ABD9991F28F}") = "Enunciado3", "Enunciado3.vbproj", "{B5080783-DBAA-4440-A7E7-ACACBA640683}"
EndProject
Global
	GlobalSection(SolutionConfigurationPlatforms) = preSolution
		Debug|Any CPU = Debug|Any CPU
		Release|Any CPU = Release|Any CPU
	EndGlobalSection
	GlobalSection(ProjectConfigurationPlatforms) = postSolution
		{B5080783-DBAA-4440-A7E7-ACACBA640683}.Debug|Any CPU.ActiveCfg = Debug|Any CPU
		{B5080783-DBAA-4440-A7E7-ACACBA640683}.Debug|Any CPU.Build.0 = Debug|Any CPU
		{B5080783-DBAA-4440-A7E7-ACACBA640683}.Release|Any CPU.ActiveCfg = Release|Any CPU
		{B5080783-DBAA-4440-A7E7-ACACBA640683}.Release|Any CPU.Build.0 = Release|Any CPU
	EndGlobalSection
	GlobalSection(SolutionProperties) = preSolution
		HideSolutionNode = FALSE
	EndGlobalSection
	GlobalSection(ExtensibilityGlobals) = postSolution
		SolutionGuid = {19A18159-FAAD-4C20-8C94-14434316506D}
	EndGlobalSection
EndGlobal
